
Microsoft Visual Studio Solution File, Format Version 12.00
Project("{FAE04EC0-301F-11D3-BF4B-00C04F79EFBC}") = "Negum.Core", "Negum.Core\Negum.Core.csproj", "{D5FD465B-666F-412A-A31B-ECBACD3C130B}"
EndProject
Global
	GlobalSection(SolutionConfigurationPlatforms) = preSolution
		Debug|Any CPU = Debug|Any CPU
		Release|Any CPU = Release|Any CPU
	EndGlobalSection
	GlobalSection(ProjectConfigurationPlatforms) = postSolution
		{D5FD465B-666F-412A-A31B-ECBACD3C130B}.Debug|Any CPU.ActiveCfg = Debug|Any CPU
		{D5FD465B-666F-412A-A31B-ECBACD3C130B}.Debug|Any CPU.Build.0 = Debug|Any CPU
		{D5FD465B-666F-412A-A31B-ECBACD3C130B}.Release|Any CPU.ActiveCfg = Release|Any CPU
		{D5FD465B-666F-412A-A31B-ECBACD3C130B}.Release|Any CPU.Build.0 = Release|Any CPU
	EndGlobalSection
EndGlobal
