
Microsoft Visual Studio Solution File, Format Version 12.00
Project("{FAE04EC0-301F-11D3-BF4B-00C04F79EFBC}") = "Negum.Core", "Negum.Core\Negum.Core.csproj", "{D5FD465B-666F-412A-A31B-ECBACD3C130B}"
EndProject
Project("{2150E333-8FDC-42A3-9474-1A3956D46DE8}") = "Tests", "Tests", "{5E55F8BB-B97E-4E0F-B41F-A139DC46B9CD}"
EndProject
Project("{FAE04EC0-301F-11D3-BF4B-00C04F79EFBC}") = "Negum.Core.Tests", "Tests\Negum.Core.Tests\Negum.Core.Tests.csproj", "{FD7E17DA-B085-4336-867F-F201B689C164}"
EndProject
Global
	GlobalSection(SolutionConfigurationPlatforms) = preSolution
		Debug|Any CPU = Debug|Any CPU
		Release|Any CPU = Release|Any CPU
	EndGlobalSection
	GlobalSection(ProjectConfigurationPlatforms) = postSolution
		{D5FD465B-666F-412A-A31B-ECBACD3C130B}.Debug|Any CPU.ActiveCfg = Debug|Any CPU
		{D5FD465B-666F-412A-A31B-ECBACD3C130B}.Debug|Any CPU.Build.0 = Debug|Any CPU
		{D5FD465B-666F-412A-A31B-ECBACD3C130B}.Release|Any CPU.ActiveCfg = Release|Any CPU
		{D5FD465B-666F-412A-A31B-ECBACD3C130B}.Release|Any CPU.Build.0 = Release|Any CPU
		{FD7E17DA-B085-4336-867F-F201B689C164}.Debug|Any CPU.ActiveCfg = Debug|Any CPU
		{FD7E17DA-B085-4336-867F-F201B689C164}.Debug|Any CPU.Build.0 = Debug|Any CPU
		{FD7E17DA-B085-4336-867F-F201B689C164}.Release|Any CPU.ActiveCfg = Release|Any CPU
		{FD7E17DA-B085-4336-867F-F201B689C164}.Release|Any CPU.Build.0 = Release|Any CPU
	EndGlobalSection
	GlobalSection(NestedProjects) = preSolution
		{FD7E17DA-B085-4336-867F-F201B689C164} = {5E55F8BB-B97E-4E0F-B41F-A139DC46B9CD}
	EndGlobalSection
EndGlobal
